
Microsoft Visual Studio Solution File, Format Version 12.00
# Visual Studio Version 16
VisualStudioVersion = 16.0.30907.101
MinimumVisualStudioVersion = 10.0.40219.1
Project("{FAE04EC0-301F-11D3-BF4B-00C04F79EFBC}") = "ConGitDemo", "ConGitDemo\ConGitDemo.csproj", "{34E81F6A-D665-4C8E-8E57-4C8FE66CD3FE}"
EndProject
Global
	GlobalSection(SolutionConfigurationPlatforms) = preSolution
		Debug|Any CPU = Debug|Any CPU
		Release|Any CPU = Release|Any CPU
	EndGlobalSection
	GlobalSection(ProjectConfigurationPlatforms) = postSolution
		{34E81F6A-D665-4C8E-8E57-4C8FE66CD3FE}.Debug|Any CPU.ActiveCfg = Debug|Any CPU
		{34E81F6A-D665-4C8E-8E57-4C8FE66CD3FE}.Debug|Any CPU.Build.0 = Debug|Any CPU
		{34E81F6A-D665-4C8E-8E57-4C8FE66CD3FE}.Release|Any CPU.ActiveCfg = Release|Any CPU
		{34E81F6A-D665-4C8E-8E57-4C8FE66CD3FE}.Release|Any CPU.Build.0 = Release|Any CPU
	EndGlobalSection
	GlobalSection(SolutionProperties) = preSolution
		HideSolutionNode = FALSE
	EndGlobalSection
	GlobalSection(ExtensibilityGlobals) = postSolution
		SolutionGuid = {522A06FB-9630-4431-A530-8D52CFCDAA78}
	EndGlobalSection
EndGlobal
